
Microsoft Visual Studio Solution File, Format Version 12.00
# Visual Studio Version 17
VisualStudioVersion = 17.9.34728.123
MinimumVisualStudioVersion = 10.0.40219.1
Project("{FAE04EC0-301F-11D3-BF4B-00C04F79EFBC}") = "BulkyWeb", "BulkyWeb\BulkyWeb.csproj", "{EA13DE70-3A5B-4CD1-A23D-1A865D1E7EBF}"
EndProject
Global
	GlobalSection(SolutionConfigurationPlatforms) = preSolution
		Debug|Any CPU = Debug|Any CPU
		Release|Any CPU = Release|Any CPU
	EndGlobalSection
	GlobalSection(ProjectConfigurationPlatforms) = postSolution
		{EA13DE70-3A5B-4CD1-A23D-1A865D1E7EBF}.Debug|Any CPU.ActiveCfg = Debug|Any CPU
		{EA13DE70-3A5B-4CD1-A23D-1A865D1E7EBF}.Debug|Any CPU.Build.0 = Debug|Any CPU
		{EA13DE70-3A5B-4CD1-A23D-1A865D1E7EBF}.Release|Any CPU.ActiveCfg = Release|Any CPU
		{EA13DE70-3A5B-4CD1-A23D-1A865D1E7EBF}.Release|Any CPU.Build.0 = Release|Any CPU
	EndGlobalSection
	GlobalSection(SolutionProperties) = preSolution
		HideSolutionNode = FALSE
	EndGlobalSection
	GlobalSection(ExtensibilityGlobals) = postSolution
		SolutionGuid = {67309104-B5A7-4FA7-B33A-764400DEE303}
	EndGlobalSection
EndGlobal
